dependencies:
- name: aissemble-spark-history-chart
  repository: oci://ghcr.io/boozallen
  version: 1.11.0-SNAPSHOT
- name: aissemble-thrift-server-chart
  repository: oci://ghcr.io/boozallen
  version: 1.11.0-SNAPSHOT
- name: aissemble-hive-metastore-service-chart
  repository: file://../../../../../../../aissemble/extensions/extensions-helm/extensions-helm-spark-infrastructure/aissemble-hive-metastore-service-chart
  version: 1.11.0-SNAPSHOT
digest: sha256:16a01ef16ed3e2dc376443b250e5ec32415d760671b0aa43ab88dc8be98b1b72
generated: "2024-11-29T10:31:07.917565-05:00"
